// !$*UTF8*$!
{
	archiveVersion = 1;
	classes = {
	};
	objectVersion = 52;
	objects = {

/* Begin PBXBuildFile section */
		750EE51424F90DDE000DAD02 /* SingleTimeseriesLine.swift in Sources */ = {isa = PBXBuildFile; fileRef = 750EE51324F90DDE000DAD02 /* SingleTimeseriesLine.swift */; };
		7534CF2824F5657A003DD289 /* Console.swift in Sources */ = {isa = PBXBuildFile; fileRef = 7534CF2724F5657A003DD289 /* Console.swift */; };
		753A126224F4ED8D00AA3F05 /* Label.swift in Sources */ = {isa = PBXBuildFile; fileRef = 753A126124F4ED8D00AA3F05 /* Label.swift */; };
		753A126724F5343600AA3F05 /* LoadTimeseries.swift in Sources */ = {isa = PBXBuildFile; fileRef = 753A126624F5343600AA3F05 /* LoadTimeseries.swift */; };
		753A126B24F5344600AA3F05 /* LoadShapelet.swift in Sources */ = {isa = PBXBuildFile; fileRef = 753A126A24F5344600AA3F05 /* LoadShapelet.swift */; };
		755B44A024F3BBBB00462CE9 /* TimeseriesLine.swift in Sources */ = {isa = PBXBuildFile; fileRef = 755B449F24F3BBBB00462CE9 /* TimeseriesLine.swift */; };
		755B44AA24F3D40900462CE9 /* TabOverall.swift in Sources */ = {isa = PBXBuildFile; fileRef = 755B44A924F3D40900462CE9 /* TabOverall.swift */; };
		755B44AC24F3D45100462CE9 /* TabBSPCOVERRun.swift in Sources */ = {isa = PBXBuildFile; fileRef = 755B44AB24F3D45100462CE9 /* TabBSPCOVERRun.swift */; };
		755B44AE24F3D46200462CE9 /* TabDetails.swift in Sources */ = {isa = PBXBuildFile; fileRef = 755B44AD24F3D46200462CE9 /* TabDetails.swift */; };
		755B44B124F3D4B300462CE9 /* VBar.swift in Sources */ = {isa = PBXBuildFile; fileRef = 755B44B024F3D4B300462CE9 /* VBar.swift */; };
		755B44B524F3D52100462CE9 /* SideBarRowTimeseries.swift in Sources */ = {isa = PBXBuildFile; fileRef = 755B44B424F3D52100462CE9 /* SideBarRowTimeseries.swift */; };
		755B44B724F3D79100462CE9 /* SideBarListTimeseries.swift in Sources */ = {isa = PBXBuildFile; fileRef = 755B44B624F3D79100462CE9 /* SideBarListTimeseries.swift */; };
		755B44B924F3DAA400462CE9 /* SideBarFilter.swift in Sources */ = {isa = PBXBuildFile; fileRef = 755B44B824F3DAA400462CE9 /* SideBarFilter.swift */; };
		755B44BC24F3DBF900462CE9 /* Timeseries.swift in Sources */ = {isa = PBXBuildFile; fileRef = 755B44BB24F3DBF900462CE9 /* Timeseries.swift */; };
		755B44BE24F3DC0500462CE9 /* Shapelet.swift in Sources */ = {isa = PBXBuildFile; fileRef = 755B44BD24F3DC0500462CE9 /* Shapelet.swift */; };
		755B44C024F3E29C00462CE9 /* DatabaseManager.swift in Sources */ = {isa = PBXBuildFile; fileRef = 755B44BF24F3E29C00462CE9 /* DatabaseManager.swift */; };
		758552F824F3B2BE00F18913 /* BSPCOVERGUIApp.swift in Sources */ = {isa = PBXBuildFile; fileRef = 758552F724F3B2BE00F18913 /* BSPCOVERGUIApp.swift */; };
		758552FA24F3B2BE00F18913 /* ContentView.swift in Sources */ = {isa = PBXBuildFile; fileRef = 758552F924F3B2BE00F18913 /* ContentView.swift */; };
		758552FC24F3B2C100F18913 /* Assets.xcassets in Resources */ = {isa = PBXBuildFile; fileRef = 758552FB24F3B2C100F18913 /* Assets.xcassets */; };
		758552FF24F3B2C100F18913 /* Preview Assets.xcassets in Resources */ = {isa = PBXBuildFile; fileRef = 758552FE24F3B2C100F18913 /* Preview Assets.xcassets */; };
		7585530B24F3B2C100F18913 /* BSPCOVERGUITests.swift in Sources */ = {isa = PBXBuildFile; fileRef = 7585530A24F3B2C100F18913 /* BSPCOVERGUITests.swift */; };
		7585531624F3B2C100F18913 /* BSPCOVERGUIUITests.swift in Sources */ = {isa = PBXBuildFile; fileRef = 7585531524F3B2C100F18913 /* BSPCOVERGUIUITests.swift */; };
		758A7A5D24F41652001F9975 /* Database.swift in Sources */ = {isa = PBXBuildFile; fileRef = 758A7A5C24F41652001F9975 /* Database.swift */; };
		758A7A8224F4D43A001F9975 /* NavigationPrimary.swift in Sources */ = {isa = PBXBuildFile; fileRef = 758A7A8124F4D43A001F9975 /* NavigationPrimary.swift */; };
		758A7A8524F4E7BA001F9975 /* CircleImage.swift in Sources */ = {isa = PBXBuildFile; fileRef = 758A7A8424F4E7BA001F9975 /* CircleImage.swift */; };
		7599503924FA85FE00016F8C /* ShapeletWeight.swift in Sources */ = {isa = PBXBuildFile; fileRef = 7599503824FA85FE00016F8C /* ShapeletWeight.swift */; };
		7599503B24FA9C4400016F8C /* Charts.framework in Frameworks */ = {isa = PBXBuildFile; fileRef = 7599503A24FA9C4400016F8C /* Charts.framework */; };
		7599503C24FA9C5A00016F8C /* Charts.framework in Embed Frameworks */ = {isa = PBXBuildFile; fileRef = 7599503A24FA9C4400016F8C /* Charts.framework */; settings = {ATTRIBUTES = (CodeSignOnCopy, RemoveHeadersOnCopy, ); }; };
		75CB02B124F80ACC00E94DEA /* Socket in Frameworks */ = {isa = PBXBuildFile; productRef = 75CB02B024F80ACC00E94DEA /* Socket */; };
		75CB034824F8B83600E94DEA /* NMSSH.framework in Frameworks */ = {isa = PBXBuildFile; fileRef = 75CB034524F8B83600E94DEA /* NMSSH.framework */; settings = {ATTRIBUTES = (Required, ); }; };
		75CB034924F8B84C00E94DEA /* NMSSH.framework in Embed Frameworks */ = {isa = PBXBuildFile; fileRef = 75CB034524F8B83600E94DEA /* NMSSH.framework */; settings = {ATTRIBUTES = (CodeSignOnCopy, RemoveHeadersOnCopy, ); }; };
		75CB034C24F8B8C200E94DEA /* ServerHandeller.m in Sources */ = {isa = PBXBuildFile; fileRef = 75CB034B24F8B8C200E94DEA /* ServerHandeller.m */; };
		75DF339524F78C5700EFBB9E /* Carousel.swift in Sources */ = {isa = PBXBuildFile; fileRef = 75DF339424F78C5700EFBB9E /* Carousel.swift */; };
		75ED5E5924F8EF5D00C8FCC3 /* HBar.swift in Sources */ = {isa = PBXBuildFile; fileRef = 75ED5E5824F8EF5D00C8FCC3 /* HBar.swift */; };
		75F1A34924F69A7B00370602 /* SideBarListShapelet.swift in Sources */ = {isa = PBXBuildFile; fileRef = 75F1A34824F69A7A00370602 /* SideBarListShapelet.swift */; };
		75F1A34C24F69C4300370602 /* SideBarRowShapelet.swift in Sources */ = {isa = PBXBuildFile; fileRef = 75F1A34B24F69C4300370602 /* SideBarRowShapelet.swift */; };
		75F1A35124F6A36700370602 /* ShapeletLine.swift in Sources */ = {isa = PBXBuildFile; fileRef = 75F1A35024F6A36700370602 /* ShapeletLine.swift */; };
		75F1A35524F7882E00370602 /* MultiTimeseriesLine.swift in Sources */ = {isa = PBXBuildFile; fileRef = 75F1A35424F7882E00370602 /* MultiTimeseriesLine.swift */; };
/* End PBXBuildFile section */

/* Begin PBXContainerItemProxy section */
		7585530724F3B2C100F18913 /* PBXContainerItemProxy */ = {
			isa = PBXContainerItemProxy;
			containerPortal = 758552EC24F3B2BE00F18913 /* Project object */;
			proxyType = 1;
			remoteGlobalIDString = 758552F324F3B2BE00F18913;
			remoteInfo = BSPCOVERGUI;
		};
		7585531224F3B2C100F18913 /* PBXContainerItemProxy */ = {
			isa = PBXContainerItemProxy;
			containerPortal = 758552EC24F3B2BE00F18913 /* Project object */;
			proxyType = 1;
			remoteGlobalIDString = 758552F324F3B2BE00F18913;
			remoteInfo = BSPCOVERGUI;
		};
/* End PBXContainerItemProxy section */

/* Begin PBXCopyFilesBuildPhase section */
		7585533024F3B34C00F18913 /* Embed Frameworks */ = {
			isa = PBXCopyFilesBuildPhase;
			buildActionMask = 2147483647;
			dstPath = "";
			dstSubfolderSpec = 10;
			files = (
				7599503C24FA9C5A00016F8C /* Charts.framework in Embed Frameworks */,
				75CB034924F8B84C00E94DEA /* NMSSH.framework in Embed Frameworks */,
			);
			name = "Embed Frameworks";
			runOnlyForDeploymentPostprocessing = 0;
		};
/* End PBXCopyFilesBuildPhase section */

/* Begin PBXFileReference section */
		750EE51324F90DDE000DAD02 /* SingleTimeseriesLine.swift */ = {isa = PBXFileReference; lastKnownFileType = sourcecode.swift; path = SingleTimeseriesLine.swift; sourceTree = "<group>"; };
		7534CF2724F5657A003DD289 /* Console.swift */ = {isa = PBXFileReference; lastKnownFileType = sourcecode.swift; path = Console.swift; sourceTree = "<group>"; };
		753A126124F4ED8D00AA3F05 /* Label.swift */ = {isa = PBXFileReference; lastKnownFileType = sourcecode.swift; path = Label.swift; sourceTree = "<group>"; };
		753A126624F5343600AA3F05 /* LoadTimeseries.swift */ = {isa = PBXFileReference; lastKnownFileType = sourcecode.swift; path = LoadTimeseries.swift; sourceTree = "<group>"; };
		753A126A24F5344600AA3F05 /* LoadShapelet.swift */ = {isa = PBXFileReference; lastKnownFileType = sourcecode.swift; path = LoadShapelet.swift; sourceTree = "<group>"; };
		755B449F24F3BBBB00462CE9 /* TimeseriesLine.swift */ = {isa = PBXFileReference; lastKnownFileType = sourcecode.swift; path = TimeseriesLine.swift; sourceTree = "<group>"; };
		755B44A924F3D40900462CE9 /* TabOverall.swift */ = {isa = PBXFileReference; lastKnownFileType = sourcecode.swift; path = TabOverall.swift; sourceTree = "<group>"; };
		755B44AB24F3D45100462CE9 /* TabBSPCOVERRun.swift */ = {isa = PBXFileReference; lastKnownFileType = sourcecode.swift; path = TabBSPCOVERRun.swift; sourceTree = "<group>"; };
		755B44AD24F3D46200462CE9 /* TabDetails.swift */ = {isa = PBXFileReference; lastKnownFileType = sourcecode.swift; path = TabDetails.swift; sourceTree = "<group>"; };
		755B44B024F3D4B300462CE9 /* VBar.swift */ = {isa = PBXFileReference; lastKnownFileType = sourcecode.swift; path = VBar.swift; sourceTree = "<group>"; };
		755B44B424F3D52100462CE9 /* SideBarRowTimeseries.swift */ = {isa = PBXFileReference; lastKnownFileType = sourcecode.swift; path = SideBarRowTimeseries.swift; sourceTree = "<group>"; };
		755B44B624F3D79100462CE9 /* SideBarListTimeseries.swift */ = {isa = PBXFileReference; lastKnownFileType = sourcecode.swift; path = SideBarListTimeseries.swift; sourceTree = "<group>"; };
		755B44B824F3DAA400462CE9 /* SideBarFilter.swift */ = {isa = PBXFileReference; lastKnownFileType = sourcecode.swift; path = SideBarFilter.swift; sourceTree = "<group>"; };
		755B44BB24F3DBF900462CE9 /* Timeseries.swift */ = {isa = PBXFileReference; lastKnownFileType = sourcecode.swift; path = Timeseries.swift; sourceTree = "<group>"; };
		755B44BD24F3DC0500462CE9 /* Shapelet.swift */ = {isa = PBXFileReference; lastKnownFileType = sourcecode.swift; path = Shapelet.swift; sourceTree = "<group>"; };
		755B44BF24F3E29C00462CE9 /* DatabaseManager.swift */ = {isa = PBXFileReference; lastKnownFileType = sourcecode.swift; path = DatabaseManager.swift; sourceTree = "<group>"; };
		758552F424F3B2BE00F18913 /* BSPCOVERGUI.app */ = {isa = PBXFileReference; explicitFileType = wrapper.application; includeInIndex = 0; path = BSPCOVERGUI.app; sourceTree = BUILT_PRODUCTS_DIR; };
		758552F724F3B2BE00F18913 /* BSPCOVERGUIApp.swift */ = {isa = PBXFileReference; lastKnownFileType = sourcecode.swift; path = BSPCOVERGUIApp.swift; sourceTree = "<group>"; };
		758552F924F3B2BE00F18913 /* ContentView.swift */ = {isa = PBXFileReference; lastKnownFileType = sourcecode.swift; path = ContentView.swift; sourceTree = "<group>"; };
		758552FB24F3B2C100F18913 /* Assets.xcassets */ = {isa = PBXFileReference; lastKnownFileType = folder.assetcatalog; path = Assets.xcassets; sourceTree = "<group>"; };
		758552FE24F3B2C100F18913 /* Preview Assets.xcassets */ = {isa = PBXFileReference; lastKnownFileType = folder.assetcatalog; path = "Preview Assets.xcassets"; sourceTree = "<group>"; };
		7585530024F3B2C100F18913 /* Info.plist */ = {isa = PBXFileReference; lastKnownFileType = text.plist.xml; path = Info.plist; sourceTree = "<group>"; };
		7585530124F3B2C100F18913 /* BSPCOVERGUI.entitlements */ = {isa = PBXFileReference; lastKnownFileType = text.plist.entitlements; path = BSPCOVERGUI.entitlements; sourceTree = "<group>"; };
		7585530624F3B2C100F18913 /* BSPCOVERGUITests.xctest */ = {isa = PBXFileReference; explicitFileType = wrapper.cfbundle; includeInIndex = 0; path = BSPCOVERGUITests.xctest; sourceTree = BUILT_PRODUCTS_DIR; };
		7585530A24F3B2C100F18913 /* BSPCOVERGUITests.swift */ = {isa = PBXFileReference; lastKnownFileType = sourcecode.swift; path = BSPCOVERGUITests.swift; sourceTree = "<group>"; };
		7585530C24F3B2C100F18913 /* Info.plist */ = {isa = PBXFileReference; lastKnownFileType = text.plist.xml; path = Info.plist; sourceTree = "<group>"; };
		7585531124F3B2C100F18913 /* BSPCOVERGUIUITests.xctest */ = {isa = PBXFileReference; explicitFileType = wrapper.cfbundle; includeInIndex = 0; path = BSPCOVERGUIUITests.xctest; sourceTree = BUILT_PRODUCTS_DIR; };
		7585531524F3B2C100F18913 /* BSPCOVERGUIUITests.swift */ = {isa = PBXFileReference; lastKnownFileType = sourcecode.swift; path = BSPCOVERGUIUITests.swift; sourceTree = "<group>"; };
		7585531724F3B2C100F18913 /* Info.plist */ = {isa = PBXFileReference; lastKnownFileType = text.plist.xml; path = Info.plist; sourceTree = "<group>"; };
		758A7A5C24F41652001F9975 /* Database.swift */ = {isa = PBXFileReference; lastKnownFileType = sourcecode.swift; path = Database.swift; sourceTree = "<group>"; };
		758A7A8124F4D43A001F9975 /* NavigationPrimary.swift */ = {isa = PBXFileReference; lastKnownFileType = sourcecode.swift; path = NavigationPrimary.swift; sourceTree = "<group>"; };
		758A7A8424F4E7BA001F9975 /* CircleImage.swift */ = {isa = PBXFileReference; lastKnownFileType = sourcecode.swift; path = CircleImage.swift; sourceTree = "<group>"; };
		7599503824FA85FE00016F8C /* ShapeletWeight.swift */ = {isa = PBXFileReference; lastKnownFileType = sourcecode.swift; path = ShapeletWeight.swift; sourceTree = "<group>"; };
		7599503A24FA9C4400016F8C /* Charts.framework */ = {isa = PBXFileReference; lastKnownFileType = wrapper.framework; name = Charts.framework; path = "../../../../../Library/Developer/Xcode/DerivedData/Charts-bsasrisfwflxqhgpndwrrwxgmzhl/Build/Products/Debug/Charts.framework"; sourceTree = "<group>"; };
		75CB034524F8B83600E94DEA /* NMSSH.framework */ = {isa = PBXFileReference; lastKnownFileType = wrapper.framework; name = NMSSH.framework; path = "../../../../../Library/Developer/Xcode/DerivedData/NMSSH-adhgwagzlvhhbyfpbotyxngkcgup/Build/Products/Debug/NMSSH.framework"; sourceTree = "<group>"; };
		75CB034B24F8B8C200E94DEA /* ServerHandeller.m */ = {isa = PBXFileReference; lastKnownFileType = sourcecode.c.objc; path = ServerHandeller.m; sourceTree = "<group>"; };
		75CB034D24F8BBCB00E94DEA /* ServerHandeller.h */ = {isa = PBXFileReference; lastKnownFileType = sourcecode.c.h; path = ServerHandeller.h; sourceTree = "<group>"; };
		75DF339424F78C5700EFBB9E /* Carousel.swift */ = {isa = PBXFileReference; lastKnownFileType = sourcecode.swift; path = Carousel.swift; sourceTree = "<group>"; };
		75ED5E5724F8C0FE00C8FCC3 /* BSPCOVERGUI-Bridging-Header.h */ = {isa = PBXFileReference; fileEncoding = 4; lastKnownFileType = sourcecode.c.h; path = "BSPCOVERGUI-Bridging-Header.h"; sourceTree = "<group>"; };
		75ED5E5824F8EF5D00C8FCC3 /* HBar.swift */ = {isa = PBXFileReference; lastKnownFileType = sourcecode.swift; path = HBar.swift; sourceTree = "<group>"; };
		75F1A34824F69A7A00370602 /* SideBarListShapelet.swift */ = {isa = PBXFileReference; lastKnownFileType = sourcecode.swift; path = SideBarListShapelet.swift; sourceTree = "<group>"; };
		75F1A34B24F69C4300370602 /* SideBarRowShapelet.swift */ = {isa = PBXFileReference; lastKnownFileType = sourcecode.swift; path = SideBarRowShapelet.swift; sourceTree = "<group>"; };
		75F1A35024F6A36700370602 /* ShapeletLine.swift */ = {isa = PBXFileReference; lastKnownFileType = sourcecode.swift; path = ShapeletLine.swift; sourceTree = "<group>"; };
		75F1A35424F7882E00370602 /* MultiTimeseriesLine.swift */ = {isa = PBXFileReference; lastKnownFileType = sourcecode.swift; path = MultiTimeseriesLine.swift; sourceTree = "<group>"; };
/* End PBXFileReference section */

/* Begin PBXFrameworksBuildPhase section */
		758552F124F3B2BE00F18913 /* Frameworks */ = {
			isa = PBXFrameworksBuildPhase;
			buildActionMask = 2147483647;
			files = (
				75CB034824F8B83600E94DEA /* NMSSH.framework in Frameworks */,
				7599503B24FA9C4400016F8C /* Charts.framework in Frameworks */,
				75CB02B124F80ACC00E94DEA /* Socket in Frameworks */,
			);
			runOnlyForDeploymentPostprocessing = 0;
		};
		7585530324F3B2C100F18913 /* Frameworks */ = {
			isa = PBXFrameworksBuildPhase;
			buildActionMask = 2147483647;
			files = (
			);
			runOnlyForDeploymentPostprocessing = 0;
		};
		7585530E24F3B2C100F18913 /* Frameworks */ = {
			isa = PBXFrameworksBuildPhase;
			buildActionMask = 2147483647;
			files = (
			);
			runOnlyForDeploymentPostprocessing = 0;
		};
/* End PBXFrameworksBuildPhase section */

/* Begin PBXGroup section */
		755B449524F3B72100462CE9 /* Others */ = {
			isa = PBXGroup;
			children = (
				758A7A8324F4E79A001F9975 /* Supporting Views */,
				755B44AF24F3D49200462CE9 /* Charts */,
				755B44A824F3D3DB00462CE9 /* TabsDetails */,
				755B44A724F3D3CE00462CE9 /* Side */,
			);
			path = Others;
			sourceTree = "<group>";
		};
		755B44A724F3D3CE00462CE9 /* Side */ = {
			isa = PBXGroup;
			children = (
				75F1A34A24F69AD100370602 /* Timeseries */,
				75F1A34724F69A5E00370602 /* Shapelet */,
				755B44B824F3DAA400462CE9 /* SideBarFilter.swift */,
				758A7A8124F4D43A001F9975 /* NavigationPrimary.swift */,
				7534CF2724F5657A003DD289 /* Console.swift */,
			);
			path = Side;
			sourceTree = "<group>";
		};
		755B44A824F3D3DB00462CE9 /* TabsDetails */ = {
			isa = PBXGroup;
			children = (
				755B44AB24F3D45100462CE9 /* TabBSPCOVERRun.swift */,
				755B44A924F3D40900462CE9 /* TabOverall.swift */,
				755B44AD24F3D46200462CE9 /* TabDetails.swift */,
				75DF339424F78C5700EFBB9E /* Carousel.swift */,
			);
			path = TabsDetails;
			sourceTree = "<group>";
		};
		755B44AF24F3D49200462CE9 /* Charts */ = {
			isa = PBXGroup;
			children = (
				755B449F24F3BBBB00462CE9 /* TimeseriesLine.swift */,
				75F1A35024F6A36700370602 /* ShapeletLine.swift */,
				75F1A35424F7882E00370602 /* MultiTimeseriesLine.swift */,
				750EE51324F90DDE000DAD02 /* SingleTimeseriesLine.swift */,
				755B44B024F3D4B300462CE9 /* VBar.swift */,
				75ED5E5824F8EF5D00C8FCC3 /* HBar.swift */,
			);
			path = Charts;
			sourceTree = "<group>";
		};
		755B44BA24F3DBAA00462CE9 /* Data */ = {
			isa = PBXGroup;
			children = (
				755B44BF24F3E29C00462CE9 /* DatabaseManager.swift */,
				758A7A5C24F41652001F9975 /* Database.swift */,
			);
			path = Data;
			sourceTree = "<group>";
		};
		758552EB24F3B2BE00F18913 = {
			isa = PBXGroup;
			children = (
				758552F624F3B2BE00F18913 /* BSPCOVERGUI */,
				7585530924F3B2C100F18913 /* BSPCOVERGUITests */,
				7585531424F3B2C100F18913 /* BSPCOVERGUIUITests */,
				758552F524F3B2BE00F18913 /* Products */,
				7585532D24F3B34C00F18913 /* Frameworks */,
			);
			sourceTree = "<group>";
		};
		758552F524F3B2BE00F18913 /* Products */ = {
			isa = PBXGroup;
			children = (
				758552F424F3B2BE00F18913 /* BSPCOVERGUI.app */,
				7585530624F3B2C100F18913 /* BSPCOVERGUITests.xctest */,
				7585531124F3B2C100F18913 /* BSPCOVERGUIUITests.xctest */,
			);
			name = Products;
			sourceTree = "<group>";
		};
		758552F624F3B2BE00F18913 /* BSPCOVERGUI */ = {
			isa = PBXGroup;
			children = (
				7585532324F3B2FB00F18913 /* Sources */,
				7585533424F3B43C00F18913 /* Models */,
				7585533524F3B44200F18913 /* Views */,
				7585533624F3B44600F18913 /* Controllers */,
				7585530024F3B2C100F18913 /* Info.plist */,
				7585530124F3B2C100F18913 /* BSPCOVERGUI.entitlements */,
				758552FD24F3B2C100F18913 /* Preview Content */,
			);
			path = BSPCOVERGUI;
			sourceTree = "<group>";
		};
		758552FD24F3B2C100F18913 /* Preview Content */ = {
			isa = PBXGroup;
			children = (
				758552FE24F3B2C100F18913 /* Preview Assets.xcassets */,
			);
			path = "Preview Content";
			sourceTree = "<group>";
		};
		7585530924F3B2C100F18913 /* BSPCOVERGUITests */ = {
			isa = PBXGroup;
			children = (
				7585530A24F3B2C100F18913 /* BSPCOVERGUITests.swift */,
				7585530C24F3B2C100F18913 /* Info.plist */,
			);
			path = BSPCOVERGUITests;
			sourceTree = "<group>";
		};
		7585531424F3B2C100F18913 /* BSPCOVERGUIUITests */ = {
			isa = PBXGroup;
			children = (
				7585531524F3B2C100F18913 /* BSPCOVERGUIUITests.swift */,
				7585531724F3B2C100F18913 /* Info.plist */,
			);
			path = BSPCOVERGUIUITests;
			sourceTree = "<group>";
		};
		7585532324F3B2FB00F18913 /* Sources */ = {
			isa = PBXGroup;
			children = (
				75CB034E24F8BC0500E94DEA /* Objective-C */,
				755B44BA24F3DBAA00462CE9 /* Data */,
			);
			path = Sources;
			sourceTree = "<group>";
		};
		7585532D24F3B34C00F18913 /* Frameworks */ = {
			isa = PBXGroup;
			children = (
				75CB034524F8B83600E94DEA /* NMSSH.framework */,
				7599503A24FA9C4400016F8C /* Charts.framework */,
			);
			name = Frameworks;
			sourceTree = "<group>";
		};
		7585533424F3B43C00F18913 /* Models */ = {
			isa = PBXGroup;
			children = (
				755B44BB24F3DBF900462CE9 /* Timeseries.swift */,
				755B44BD24F3DC0500462CE9 /* Shapelet.swift */,
				7599503824FA85FE00016F8C /* ShapeletWeight.swift */,
				753A126124F4ED8D00AA3F05 /* Label.swift */,
			);
			path = Models;
			sourceTree = "<group>";
		};
		7585533524F3B44200F18913 /* Views */ = {
			isa = PBXGroup;
			children = (
				758552FB24F3B2C100F18913 /* Assets.xcassets */,
				755B449524F3B72100462CE9 /* Others */,
				758552F924F3B2BE00F18913 /* ContentView.swift */,
			);
			path = Views;
			sourceTree = "<group>";
		};
		7585533624F3B44600F18913 /* Controllers */ = {
			isa = PBXGroup;
			children = (
				758552F724F3B2BE00F18913 /* BSPCOVERGUIApp.swift */,
			);
			path = Controllers;
			sourceTree = "<group>";
		};
		758A7A8324F4E79A001F9975 /* Supporting Views */ = {
			isa = PBXGroup;
			children = (
				758A7A8424F4E7BA001F9975 /* CircleImage.swift */,
			);
			path = "Supporting Views";
			sourceTree = "<group>";
		};
		75CB034E24F8BC0500E94DEA /* Objective-C */ = {
			isa = PBXGroup;
			children = (
				75ED5E5724F8C0FE00C8FCC3 /* BSPCOVERGUI-Bridging-Header.h */,
				75CB034B24F8B8C200E94DEA /* ServerHandeller.m */,
				75CB034D24F8BBCB00E94DEA /* ServerHandeller.h */,
			);
			path = "Objective-C";
			sourceTree = "<group>";
		};
		75F1A34724F69A5E00370602 /* Shapelet */ = {
			isa = PBXGroup;
			children = (
				75F1A34824F69A7A00370602 /* SideBarListShapelet.swift */,
				75F1A34B24F69C4300370602 /* SideBarRowShapelet.swift */,
				753A126A24F5344600AA3F05 /* LoadShapelet.swift */,
			);
			path = Shapelet;
			sourceTree = "<group>";
		};
		75F1A34A24F69AD100370602 /* Timeseries */ = {
			isa = PBXGroup;
			children = (
				755B44B624F3D79100462CE9 /* SideBarListTimeseries.swift */,
				755B44B424F3D52100462CE9 /* SideBarRowTimeseries.swift */,
				753A126624F5343600AA3F05 /* LoadTimeseries.swift */,
			);
			path = Timeseries;
			sourceTree = "<group>";
		};
/* End PBXGroup section */

/* Begin PBXNativeTarget section */
		758552F324F3B2BE00F18913 /* BSPCOVERGUI */ = {
			isa = PBXNativeTarget;
			buildConfigurationList = 7585531A24F3B2C100F18913 /* Build configuration list for PBXNativeTarget "BSPCOVERGUI" */;
			buildPhases = (
				758552F024F3B2BE00F18913 /* Sources */,
				758552F124F3B2BE00F18913 /* Frameworks */,
				758552F224F3B2BE00F18913 /* Resources */,
				7585533024F3B34C00F18913 /* Embed Frameworks */,
			);
			buildRules = (
			);
			dependencies = (
			);
			name = BSPCOVERGUI;
			packageProductDependencies = (
				75CB02B024F80ACC00E94DEA /* Socket */,
			);
			productName = BSPCOVERGUI;
			productReference = 758552F424F3B2BE00F18913 /* BSPCOVERGUI.app */;
			productType = "com.apple.product-type.application";
		};
		7585530524F3B2C100F18913 /* BSPCOVERGUITests */ = {
			isa = PBXNativeTarget;
			buildConfigurationList = 7585531D24F3B2C100F18913 /* Build configuration list for PBXNativeTarget "BSPCOVERGUITests" */;
			buildPhases = (
				7585530224F3B2C100F18913 /* Sources */,
				7585530324F3B2C100F18913 /* Frameworks */,
				7585530424F3B2C100F18913 /* Resources */,
			);
			buildRules = (
			);
			dependencies = (
				7585530824F3B2C100F18913 /* PBXTargetDependency */,
			);
			name = BSPCOVERGUITests;
			productName = BSPCOVERGUITests;
			productReference = 7585530624F3B2C100F18913 /* BSPCOVERGUITests.xctest */;
			productType = "com.apple.product-type.bundle.unit-test";
		};
		7585531024F3B2C100F18913 /* BSPCOVERGUIUITests */ = {
			isa = PBXNativeTarget;
			buildConfigurationList = 7585532024F3B2C100F18913 /* Build configuration list for PBXNativeTarget "BSPCOVERGUIUITests" */;
			buildPhases = (
				7585530D24F3B2C100F18913 /* Sources */,
				7585530E24F3B2C100F18913 /* Frameworks */,
				7585530F24F3B2C100F18913 /* Resources */,
			);
			buildRules = (
			);
			dependencies = (
				7585531324F3B2C100F18913 /* PBXTargetDependency */,
			);
			name = BSPCOVERGUIUITests;
			productName = BSPCOVERGUIUITests;
			productReference = 7585531124F3B2C100F18913 /* BSPCOVERGUIUITests.xctest */;
			productType = "com.apple.product-type.bundle.ui-testing";
		};
/* End PBXNativeTarget section */

/* Begin PBXProject section */
		758552EC24F3B2BE00F18913 /* Project object */ = {
			isa = PBXProject;
			attributes = {
				LastSwiftUpdateCheck = 1200;
				LastUpgradeCheck = 1200;
				TargetAttributes = {
					758552F324F3B2BE00F18913 = {
						CreatedOnToolsVersion = 12.0;
						LastSwiftMigration = 1200;
					};
					7585530524F3B2C100F18913 = {
						CreatedOnToolsVersion = 12.0;
						TestTargetID = 758552F324F3B2BE00F18913;
					};
					7585531024F3B2C100F18913 = {
						CreatedOnToolsVersion = 12.0;
						TestTargetID = 758552F324F3B2BE00F18913;
					};
				};
			};
			buildConfigurationList = 758552EF24F3B2BE00F18913 /* Build configuration list for PBXProject "BSPCOVERGUI" */;
			compatibilityVersion = "Xcode 9.3";
			developmentRegion = en;
			hasScannedForEncodings = 0;
			knownRegions = (
				en,
				Base,
			);
			mainGroup = 758552EB24F3B2BE00F18913;
			packageReferences = (
				75CB02AF24F80ACC00E94DEA /* XCRemoteSwiftPackageReference "BlueSocket" */,
			);
			productRefGroup = 758552F524F3B2BE00F18913 /* Products */;
			projectDirPath = "";
			projectRoot = "";
			targets = (
				758552F324F3B2BE00F18913 /* BSPCOVERGUI */,
				7585530524F3B2C100F18913 /* BSPCOVERGUITests */,
				7585531024F3B2C100F18913 /* BSPCOVERGUIUITests */,
			);
		};
/* End PBXProject section */

/* Begin PBXResourcesBuildPhase section */
		758552F224F3B2BE00F18913 /* Resources */ = {
			isa = PBXResourcesBuildPhase;
			buildActionMask = 2147483647;
			files = (
				758552FF24F3B2C100F18913 /* Preview Assets.xcassets in Resources */,
				758552FC24F3B2C100F18913 /* Assets.xcassets in Resources */,
			);
			runOnlyForDeploymentPostprocessing = 0;
		};
		7585530424F3B2C100F18913 /* Resources */ = {
			isa = PBXResourcesBuildPhase;
			buildActionMask = 2147483647;
			files = (
			);
			runOnlyForDeploymentPostprocessing = 0;
		};
		7585530F24F3B2C100F18913 /* Resources */ = {
			isa = PBXResourcesBuildPhase;
			buildActionMask = 2147483647;
			files = (
			);
			runOnlyForDeploymentPostprocessing = 0;
		};
/* End PBXResourcesBuildPhase section */

/* Begin PBXSourcesBuildPhase section */
		758552F024F3B2BE00F18913 /* Sources */ = {
			isa = PBXSourcesBuildPhase;
			buildActionMask = 2147483647;
			files = (
				755B44AE24F3D46200462CE9 /* TabDetails.swift in Sources */,
				758A7A8524F4E7BA001F9975 /* CircleImage.swift in Sources */,
				755B44B924F3DAA400462CE9 /* SideBarFilter.swift in Sources */,
				755B44BC24F3DBF900462CE9 /* Timeseries.swift in Sources */,
				755B44B124F3D4B300462CE9 /* VBar.swift in Sources */,
				758A7A8224F4D43A001F9975 /* NavigationPrimary.swift in Sources */,
				7599503924FA85FE00016F8C /* ShapeletWeight.swift in Sources */,
				75ED5E5924F8EF5D00C8FCC3 /* HBar.swift in Sources */,
				75F1A35124F6A36700370602 /* ShapeletLine.swift in Sources */,
				758552FA24F3B2BE00F18913 /* ContentView.swift in Sources */,
				75CB034C24F8B8C200E94DEA /* ServerHandeller.m in Sources */,
				75F1A34C24F69C4300370602 /* SideBarRowShapelet.swift in Sources */,
				753A126724F5343600AA3F05 /* LoadTimeseries.swift in Sources */,
				755B44AA24F3D40900462CE9 /* TabOverall.swift in Sources */,
				755B44A024F3BBBB00462CE9 /* TimeseriesLine.swift in Sources */,
				753A126B24F5344600AA3F05 /* LoadShapelet.swift in Sources */,
				755B44BE24F3DC0500462CE9 /* Shapelet.swift in Sources */,
				7534CF2824F5657A003DD289 /* Console.swift in Sources */,
				75F1A35524F7882E00370602 /* MultiTimeseriesLine.swift in Sources */,
				755B44B524F3D52100462CE9 /* SideBarRowTimeseries.swift in Sources */,
				755B44B724F3D79100462CE9 /* SideBarListTimeseries.swift in Sources */,
				75F1A34924F69A7B00370602 /* SideBarListShapelet.swift in Sources */,
				750EE51424F90DDE000DAD02 /* SingleTimeseriesLine.swift in Sources */,
				755B44AC24F3D45100462CE9 /* TabBSPCOVERRun.swift in Sources */,
				755B44C024F3E29C00462CE9 /* DatabaseManager.swift in Sources */,
				753A126224F4ED8D00AA3F05 /* Label.swift in Sources */,
				758A7A5D24F41652001F9975 /* Database.swift in Sources */,
				75DF339524F78C5700EFBB9E /* Carousel.swift in Sources */,
				758552F824F3B2BE00F18913 /* BSPCOVERGUIApp.swift in Sources */,
			);
			runOnlyForDeploymentPostprocessing = 0;
		};
		7585530224F3B2C100F18913 /* Sources */ = {
			isa = PBXSourcesBuildPhase;
			buildActionMask = 2147483647;
			files = (
				7585530B24F3B2C100F18913 /* BSPCOVERGUITests.swift in Sources */,
			);
			runOnlyForDeploymentPostprocessing = 0;
		};
		7585530D24F3B2C100F18913 /* Sources */ = {
			isa = PBXSourcesBuildPhase;
			buildActionMask = 2147483647;
			files = (
				7585531624F3B2C100F18913 /* BSPCOVERGUIUITests.swift in Sources */,
			);
			runOnlyForDeploymentPostprocessing = 0;
		};
/* End PBXSourcesBuildPhase section */

/* Begin PBXTargetDependency section */
		7585530824F3B2C100F18913 /* PBXTargetDependency */ = {
			isa = PBXTargetDependency;
			target = 758552F324F3B2BE00F18913 /* BSPCOVERGUI */;
			targetProxy = 7585530724F3B2C100F18913 /* PBXContainerItemProxy */;
		};
		7585531324F3B2C100F18913 /* PBXTargetDependency */ = {
			isa = PBXTargetDependency;
			target = 758552F324F3B2BE00F18913 /* BSPCOVERGUI */;
			targetProxy = 7585531224F3B2C100F18913 /* PBXContainerItemProxy */;
		};
/* End PBXTargetDependency section */

/* Begin XCBuildConfiguration section */
		7585531824F3B2C100F18913 /* Debug */ = {
			isa = XCBuildConfiguration;
			buildSettings = {
				ALWAYS_SEARCH_USER_PATHS = NO;
				CLANG_ANALYZER_NONNULL = YES;
				CLANG_ANALYZER_NUMBER_OBJECT_CONVERSION = YES_AGGRESSIVE;
				CLANG_CXX_LANGUAGE_STANDARD = "gnu++14";
				CLANG_CXX_LIBRARY = "libc++";
				CLANG_ENABLE_MODULES = YES;
				CLANG_ENABLE_OBJC_ARC = YES;
				CLANG_ENABLE_OBJC_WEAK = YES;
				CLANG_WARN_BLOCK_CAPTURE_AUTORELEASING = YES;
				CLANG_WARN_BOOL_CONVERSION = YES;
				CLANG_WARN_COMMA = YES;
				CLANG_WARN_CONSTANT_CONVERSION = YES;
				CLANG_WARN_DEPRECATED_OBJC_IMPLEMENTATIONS = YES;
				CLANG_WARN_DIRECT_OBJC_ISA_USAGE = YES_ERROR;
				CLANG_WARN_DOCUMENTATION_COMMENTS = YES;
				CLANG_WARN_EMPTY_BODY = YES;
				CLANG_WARN_ENUM_CONVERSION = YES;
				CLANG_WARN_INFINITE_RECURSION = YES;
				CLANG_WARN_INT_CONVERSION = YES;
				CLANG_WARN_NON_LITERAL_NULL_CONVERSION = YES;
				CLANG_WARN_OBJC_IMPLICIT_RETAIN_SELF = YES;
				CLANG_WARN_OBJC_LITERAL_CONVERSION = YES;
				CLANG_WARN_OBJC_ROOT_CLASS = YES_ERROR;
				CLANG_WARN_QUOTED_INCLUDE_IN_FRAMEWORK_HEADER = YES;
				CLANG_WARN_RANGE_LOOP_ANALYSIS = YES;
				CLANG_WARN_STRICT_PROTOTYPES = YES;
				CLANG_WARN_SUSPICIOUS_MOVE = YES;
				CLANG_WARN_UNGUARDED_AVAILABILITY = YES_AGGRESSIVE;
				CLANG_WARN_UNREACHABLE_CODE = YES;
				CLANG_WARN__DUPLICATE_METHOD_MATCH = YES;
				COPY_PHASE_STRIP = NO;
				DEBUG_INFORMATION_FORMAT = dwarf;
				ENABLE_STRICT_OBJC_MSGSEND = YES;
				ENABLE_TESTABILITY = YES;
				GCC_C_LANGUAGE_STANDARD = gnu11;
				GCC_DYNAMIC_NO_PIC = NO;
				GCC_NO_COMMON_BLOCKS = YES;
				GCC_OPTIMIZATION_LEVEL = 0;
				GCC_PREPROCESSOR_DEFINITIONS = (
					"DEBUG=1",
					"$(inherited)",
				);
				GCC_WARN_64_TO_32_BIT_CONVERSION = YES;
				GCC_WARN_ABOUT_RETURN_TYPE = YES_ERROR;
				GCC_WARN_UNDECLARED_SELECTOR = YES;
				GCC_WARN_UNINITIALIZED_AUTOS = YES_AGGRESSIVE;
				GCC_WARN_UNUSED_FUNCTION = YES;
				GCC_WARN_UNUSED_VARIABLE = YES;
				MACOSX_DEPLOYMENT_TARGET = 11.0;
				MTL_ENABLE_DEBUG_INFO = INCLUDE_SOURCE;
				MTL_FAST_MATH = YES;
				ONLY_ACTIVE_ARCH = YES;
				SDKROOT = macosx;
				SWIFT_ACTIVE_COMPILATION_CONDITIONS = DEBUG;
				SWIFT_OPTIMIZATION_LEVEL = "-Onone";
			};
			name = Debug;
		};
		7585531924F3B2C100F18913 /* Release */ = {
			isa = XCBuildConfiguration;
			buildSettings = {
				ALWAYS_SEARCH_USER_PATHS = NO;
				CLANG_ANALYZER_NONNULL = YES;
				CLANG_ANALYZER_NUMBER_OBJECT_CONVERSION = YES_AGGRESSIVE;
				CLANG_CXX_LANGUAGE_STANDARD = "gnu++14";
				CLANG_CXX_LIBRARY = "libc++";
				CLANG_ENABLE_MODULES = YES;
				CLANG_ENABLE_OBJC_ARC = YES;
				CLANG_ENABLE_OBJC_WEAK = YES;
				CLANG_WARN_BLOCK_CAPTURE_AUTORELEASING = YES;
				CLANG_WARN_BOOL_CONVERSION = YES;
				CLANG_WARN_COMMA = YES;
				CLANG_WARN_CONSTANT_CONVERSION = YES;
				CLANG_WARN_DEPRECATED_OBJC_IMPLEMENTATIONS = YES;
				CLANG_WARN_DIRECT_OBJC_ISA_USAGE = YES_ERROR;
				CLANG_WARN_DOCUMENTATION_COMMENTS = YES;
				CLANG_WARN_EMPTY_BODY = YES;
				CLANG_WARN_ENUM_CONVERSION = YES;
				CLANG_WARN_INFINITE_RECURSION = YES;
				CLANG_WARN_INT_CONVERSION = YES;
				CLANG_WARN_NON_LITERAL_NULL_CONVERSION = YES;
				CLANG_WARN_OBJC_IMPLICIT_RETAIN_SELF = YES;
				CLANG_WARN_OBJC_LITERAL_CONVERSION = YES;
				CLANG_WARN_OBJC_ROOT_CLASS = YES_ERROR;
				CLANG_WARN_QUOTED_INCLUDE_IN_FRAMEWORK_HEADER = YES;
				CLANG_WARN_RANGE_LOOP_ANALYSIS = YES;
				CLANG_WARN_STRICT_PROTOTYPES = YES;
				CLANG_WARN_SUSPICIOUS_MOVE = YES;
				CLANG_WARN_UNGUARDED_AVAILABILITY = YES_AGGRESSIVE;
				CLANG_WARN_UNREACHABLE_CODE = YES;
				CLANG_WARN__DUPLICATE_METHOD_MATCH = YES;
				COPY_PHASE_STRIP = NO;
				DEBUG_INFORMATION_FORMAT = "dwarf-with-dsym";
				ENABLE_NS_ASSERTIONS = NO;
				ENABLE_STRICT_OBJC_MSGSEND = YES;
				GCC_C_LANGUAGE_STANDARD = gnu11;
				GCC_NO_COMMON_BLOCKS = YES;
				GCC_WARN_64_TO_32_BIT_CONVERSION = YES;
				GCC_WARN_ABOUT_RETURN_TYPE = YES_ERROR;
				GCC_WARN_UNDECLARED_SELECTOR = YES;
				GCC_WARN_UNINITIALIZED_AUTOS = YES_AGGRESSIVE;
				GCC_WARN_UNUSED_FUNCTION = YES;
				GCC_WARN_UNUSED_VARIABLE = YES;
				MACOSX_DEPLOYMENT_TARGET = 11.0;
				MTL_ENABLE_DEBUG_INFO = NO;
				MTL_FAST_MATH = YES;
				SDKROOT = macosx;
				SWIFT_COMPILATION_MODE = wholemodule;
				SWIFT_OPTIMIZATION_LEVEL = "-O";
			};
			name = Release;
		};
		7585531B24F3B2C100F18913 /* Debug */ = {
			isa = XCBuildConfiguration;
			buildSettings = {
				ASSETCATALOG_COMPILER_APPICON_NAME = AppIcon;
				ASSETCATALOG_COMPILER_GLOBAL_ACCENT_COLOR_NAME = AccentColor;
				CLANG_ENABLE_MODULES = YES;
				CODE_SIGN_ENTITLEMENTS = BSPCOVERGUI/BSPCOVERGUI.entitlements;
				CODE_SIGN_STYLE = Automatic;
				COMBINE_HIDPI_IMAGES = YES;
				DEVELOPMENT_ASSET_PATHS = "\"BSPCOVERGUI/Preview Content\"";
				DEVELOPMENT_TEAM = T334998754;
				ENABLE_HARDENED_RUNTIME = YES;
				ENABLE_PREVIEWS = YES;
				INFOPLIST_FILE = BSPCOVERGUI/Info.plist;
				LD_RUNPATH_SEARCH_PATHS = (
					"$(inherited)",
					"@executable_path/../Frameworks",
				);
				MACOSX_DEPLOYMENT_TARGET = 11.0;
				PRODUCT_BUNDLE_IDENTIFIER = com.example.BSPCOVERGUI;
				PRODUCT_NAME = "$(TARGET_NAME)";
				SWIFT_OBJC_BRIDGING_HEADER = "BSPCOVERGUI/Sources/Objective-C/BSPCOVERGUI-Bridging-Header.h";
				SWIFT_OPTIMIZATION_LEVEL = "-Onone";
				SWIFT_VERSION = 5.0;
			};
			name = Debug;
		};
		7585531C24F3B2C100F18913 /* Release */ = {
			isa = XCBuildConfiguration;
			buildSettings = {
				ASSETCATALOG_COMPILER_APPICON_NAME = AppIcon;
				ASSETCATALOG_COMPILER_GLOBAL_ACCENT_COLOR_NAME = AccentColor;
				CLANG_ENABLE_MODULES = YES;
				CODE_SIGN_ENTITLEMENTS = BSPCOVERGUI/BSPCOVERGUI.entitlements;
				CODE_SIGN_STYLE = Automatic;
				COMBINE_HIDPI_IMAGES = YES;
				DEVELOPMENT_ASSET_PATHS = "\"BSPCOVERGUI/Preview Content\"";
				DEVELOPMENT_TEAM = T334998754;
				ENABLE_HARDENED_RUNTIME = YES;
				ENABLE_PREVIEWS = YES;
				INFOPLIST_FILE = BSPCOVERGUI/Info.plist;
				LD_RUNPATH_SEARCH_PATHS = (
					"$(inherited)",
					"@executable_path/../Frameworks",
				);
				MACOSX_DEPLOYMENT_TARGET = 11.0;
				PRODUCT_BUNDLE_IDENTIFIER = com.example.BSPCOVERGUI;
				PRODUCT_NAME = "$(TARGET_NAME)";
				SWIFT_OBJC_BRIDGING_HEADER = "BSPCOVERGUI/Sources/Objective-C/BSPCOVERGUI-Bridging-Header.h";
				SWIFT_VERSION = 5.0;
			};
			name = Release;
		};
		7585531E24F3B2C100F18913 /* Debug */ = {
			isa = XCBuildConfiguration;
			buildSettings = {
				ALWAYS_EMBED_SWIFT_STANDARD_LIBRARIES = YES;
				BUNDLE_LOADER = "$(TEST_HOST)";
				CODE_SIGN_STYLE = Automatic;
				COMBINE_HIDPI_IMAGES = YES;
				DEVELOPMENT_TEAM = T334998754;
				INFOPLIST_FILE = BSPCOVERGUITests/Info.plist;
				LD_RUNPATH_SEARCH_PATHS = (
					"$(inherited)",
					"@executable_path/../Frameworks",
					"@loader_path/../Frameworks",
				);
				MACOSX_DEPLOYMENT_TARGET = 11.0;
				PRODUCT_BUNDLE_IDENTIFIER = com.example.BSPCOVERGUITests;
				PRODUCT_NAME = "$(TARGET_NAME)";
				SWIFT_VERSION = 5.0;
				TEST_HOST = "$(BUILT_PRODUCTS_DIR)/BSPCOVERGUI.app/Contents/MacOS/BSPCOVERGUI";
			};
			name = Debug;
		};
		7585531F24F3B2C100F18913 /* Release */ = {
			isa = XCBuildConfiguration;
			buildSettings = {
				ALWAYS_EMBED_SWIFT_STANDARD_LIBRARIES = YES;
				BUNDLE_LOADER = "$(TEST_HOST)";
				CODE_SIGN_STYLE = Automatic;
				COMBINE_HIDPI_IMAGES = YES;
				DEVELOPMENT_TEAM = T334998754;
				INFOPLIST_FILE = BSPCOVERGUITests/Info.plist;
				LD_RUNPATH_SEARCH_PATHS = (
					"$(inherited)",
					"@executable_path/../Frameworks",
					"@loader_path/../Frameworks",
				);
				MACOSX_DEPLOYMENT_TARGET = 11.0;
				PRODUCT_BUNDLE_IDENTIFIER = com.example.BSPCOVERGUITests;
				PRODUCT_NAME = "$(TARGET_NAME)";
				SWIFT_VERSION = 5.0;
				TEST_HOST = "$(BUILT_PRODUCTS_DIR)/BSPCOVERGUI.app/Contents/MacOS/BSPCOVERGUI";
			};
			name = Release;
		};
		7585532124F3B2C100F18913 /* Debug */ = {
			isa = XCBuildConfiguration;
			buildSettings = {
				ALWAYS_EMBED_SWIFT_STANDARD_LIBRARIES = YES;
				CODE_SIGN_STYLE = Automatic;
				COMBINE_HIDPI_IMAGES = YES;
				DEVELOPMENT_TEAM = T334998754;
				INFOPLIST_FILE = BSPCOVERGUIUITests/Info.plist;
				LD_RUNPATH_SEARCH_PATHS = (
					"$(inherited)",
					"@executable_path/../Frameworks",
					"@loader_path/../Frameworks",
				);
				PRODUCT_BUNDLE_IDENTIFIER = com.example.BSPCOVERGUIUITests;
				PRODUCT_NAME = "$(TARGET_NAME)";
				SWIFT_VERSION = 5.0;
				TEST_TARGET_NAME = BSPCOVERGUI;
			};
			name = Debug;
		};
		7585532224F3B2C100F18913 /* Release */ = {
			isa = XCBuildConfiguration;
			buildSettings = {
				ALWAYS_EMBED_SWIFT_STANDARD_LIBRARIES = YES;
				CODE_SIGN_STYLE = Automatic;
				COMBINE_HIDPI_IMAGES = YES;
				DEVELOPMENT_TEAM = T334998754;
				INFOPLIST_FILE = BSPCOVERGUIUITests/Info.plist;
				LD_RUNPATH_SEARCH_PATHS = (
					"$(inherited)",
					"@executable_path/../Frameworks",
					"@loader_path/../Frameworks",
				);
				PRODUCT_BUNDLE_IDENTIFIER = com.example.BSPCOVERGUIUITests;
				PRODUCT_NAME = "$(TARGET_NAME)";
				SWIFT_VERSION = 5.0;
				TEST_TARGET_NAME = BSPCOVERGUI;
			};
			name = Release;
		};
/* End XCBuildConfiguration section */

/* Begin XCConfigurationList section */
		758552EF24F3B2BE00F18913 /* Build configuration list for PBXProject "BSPCOVERGUI" */ = {
			isa = XCConfigurationList;
			buildConfigurations = (
				7585531824F3B2C100F18913 /* Debug */,
				7585531924F3B2C100F18913 /* Release */,
			);
			defaultConfigurationIsVisible = 0;
			defaultConfigurationName = Release;
		};
		7585531A24F3B2C100F18913 /* Build configuration list for PBXNativeTarget "BSPCOVERGUI" */ = {
			isa = XCConfigurationList;
			buildConfigurations = (
				7585531B24F3B2C100F18913 /* Debug */,
				7585531C24F3B2C100F18913 /* Release */,
			);
			defaultConfigurationIsVisible = 0;
			defaultConfigurationName = Release;
		};
		7585531D24F3B2C100F18913 /* Build configuration list for PBXNativeTarget "BSPCOVERGUITests" */ = {
			isa = XCConfigurationList;
			buildConfigurations = (
				7585531E24F3B2C100F18913 /* Debug */,
				7585531F24F3B2C100F18913 /* Release */,
			);
			defaultConfigurationIsVisible = 0;
			defaultConfigurationName = Release;
		};
		7585532024F3B2C100F18913 /* Build configuration list for PBXNativeTarget "BSPCOVERGUIUITests" */ = {
			isa = XCConfigurationList;
			buildConfigurations = (
				7585532124F3B2C100F18913 /* Debug */,
				7585532224F3B2C100F18913 /* Release */,
			);
			defaultConfigurationIsVisible = 0;
			defaultConfigurationName = Release;
		};
/* End XCConfigurationList section */

/* Begin XCRemoteSwiftPackageReference section */
		75CB02AF24F80ACC00E94DEA /* XCRemoteSwiftPackageReference "BlueSocket" */ = {
			isa = XCRemoteSwiftPackageReference;
			repositoryURL = "https://github.com/IBM-Swift/BlueSocket.git";
			requirement = {
				kind = upToNextMajorVersion;
				minimumVersion = 1.0.52;
			};
		};
/* End XCRemoteSwiftPackageReference section */

/* Begin XCSwiftPackageProductDependency section */
		75CB02B024F80ACC00E94DEA /* Socket */ = {
			isa = XCSwiftPackageProductDependency;
			package = 75CB02AF24F80ACC00E94DEA /* XCRemoteSwiftPackageReference "BlueSocket" */;
			productName = Socket;
		};
/* End XCSwiftPackageProductDependency section */
	};
	rootObject = 758552EC24F3B2BE00F18913 /* Project object */;
}
